// !$*UTF8*$!
{
	archiveVersion = 1;
	classes = {
	};
	objectVersion = 52;
	objects = {

/* Begin PBXBuildFile section */
		4BD2ACBE271BD0900050BCF7 /* AppDelegate.swift in Sources */ = {isa = PBXBuildFile; fileRef = 4BD2ACBD271BD0900050BCF7 /* AppDelegate.swift */; };
		4BD2ACC0271BD0900050BCF7 /* SceneDelegate.swift in Sources */ = {isa = PBXBuildFile; fileRef = 4BD2ACBF271BD0900050BCF7 /* SceneDelegate.swift */; };
		4BD2ACC2271BD0900050BCF7 /* ViewController.swift in Sources */ = {isa = PBXBuildFile; fileRef = 4BD2ACC1271BD0900050BCF7 /* ViewController.swift */; };
		4BD2ACC5271BD0900050BCF7 /* Main.storyboard in Resources */ = {isa = PBXBuildFile; fileRef = 4BD2ACC3271BD0900050BCF7 /* Main.storyboard */; };
		4BD2ACC7271BD0920050BCF7 /* Assets.xcassets in Resources */ = {isa = PBXBuildFile; fileRef = 4BD2ACC6271BD0920050BCF7 /* Assets.xcassets */; };
		4BD2ACCA271BD0920050BCF7 /* LaunchScreen.storyboard in Resources */ = {isa = PBXBuildFile; fileRef = 4BD2ACC8271BD0920050BCF7 /* LaunchScreen.storyboard */; };
		4BD2ACD5271BD0920050BCF7 /* penspinningTests.swift in Sources */ = {isa = PBXBuildFile; fileRef = 4BD2ACD4271BD0920050BCF7 /* penspinningTests.swift */; };
		4BD2ACE0271BD0920050BCF7 /* penspinningUITests.swift in Sources */ = {isa = PBXBuildFile; fileRef = 4BD2ACDF271BD0920050BCF7 /* penspinningUITests.swift */; };
		4BD2ACEE271BEE2F0050BCF7 /* GoogleService-Info.plist in Resources */ = {isa = PBXBuildFile; fileRef = 4BD2ACED271BEE2F0050BCF7 /* GoogleService-Info.plist */; };
		4BD2ACF1271BF0810050BCF7 /* FirebaseAppDistribution-Beta in Frameworks */ = {isa = PBXBuildFile; productRef = 4BD2ACF0271BF0810050BCF7 /* FirebaseAppDistribution-Beta */; };
		4BD2ACF3271BF0810050BCF7 /* FirebaseInAppMessaging-Beta in Frameworks */ = {isa = PBXBuildFile; productRef = 4BD2ACF2271BF0810050BCF7 /* FirebaseInAppMessaging-Beta */; };
		4BD2ACF5271BF0810050BCF7 /* FirebaseAnalyticsSwift-Beta in Frameworks */ = {isa = PBXBuildFile; productRef = 4BD2ACF4271BF0810050BCF7 /* FirebaseAnalyticsSwift-Beta */; };
		4BD2ACF7271BF0810050BCF7 /* FirebaseAnalyticsWithoutAdIdSupport in Frameworks */ = {isa = PBXBuildFile; productRef = 4BD2ACF6271BF0810050BCF7 /* FirebaseAnalyticsWithoutAdIdSupport */; };
		4BD2ACF9271BF0810050BCF7 /* FirebaseFirestore in Frameworks */ = {isa = PBXBuildFile; productRef = 4BD2ACF8271BF0810050BCF7 /* FirebaseFirestore */; };
		4BD2ACFB271BF0810050BCF7 /* FirebaseInstallations in Frameworks */ = {isa = PBXBuildFile; productRef = 4BD2ACFA271BF0810050BCF7 /* FirebaseInstallations */; };
		4BD2ACFD271BF0810050BCF7 /* FirebaseDatabase in Frameworks */ = {isa = PBXBuildFile; productRef = 4BD2ACFC271BF0810050BCF7 /* FirebaseDatabase */; };
		4BD2ACFF271BF0810050BCF7 /* FirebaseFirestoreSwift-Beta in Frameworks */ = {isa = PBXBuildFile; productRef = 4BD2ACFE271BF0810050BCF7 /* FirebaseFirestoreSwift-Beta */; };
		4BD2AD01271BF0810050BCF7 /* FirebaseAnalytics in Frameworks */ = {isa = PBXBuildFile; productRef = 4BD2AD00271BF0810050BCF7 /* FirebaseAnalytics */; };
		4BD2AD03271BF0810050BCF7 /* FirebasePerformance in Frameworks */ = {isa = PBXBuildFile; productRef = 4BD2AD02271BF0810050BCF7 /* FirebasePerformance */; };
		4BD2AD05271BF0810050BCF7 /* FirebaseRemoteConfig in Frameworks */ = {isa = PBXBuildFile; productRef = 4BD2AD04271BF0810050BCF7 /* FirebaseRemoteConfig */; };
		4BD2AD07271BF0810050BCF7 /* FirebaseAppCheck in Frameworks */ = {isa = PBXBuildFile; productRef = 4BD2AD06271BF0810050BCF7 /* FirebaseAppCheck */; };
		4BD2AD09271BF0810050BCF7 /* FirebaseStorageSwift-Beta in Frameworks */ = {isa = PBXBuildFile; productRef = 4BD2AD08271BF0810050BCF7 /* FirebaseStorageSwift-Beta */; };
		4BD2AD0B271BF0810050BCF7 /* FirebaseAuth in Frameworks */ = {isa = PBXBuildFile; productRef = 4BD2AD0A271BF0810050BCF7 /* FirebaseAuth */; };
		4BD2AD0D271BF0810050BCF7 /* FirebaseInAppMessagingSwift-Beta in Frameworks */ = {isa = PBXBuildFile; productRef = 4BD2AD0C271BF0810050BCF7 /* FirebaseInAppMessagingSwift-Beta */; };
		4BD2AD0F271BF0810050BCF7 /* FirebaseDatabaseSwift-Beta in Frameworks */ = {isa = PBXBuildFile; productRef = 4BD2AD0E271BF0810050BCF7 /* FirebaseDatabaseSwift-Beta */; };
		4BD2AD11271BF0810050BCF7 /* FirebaseMLModelDownloader in Frameworks */ = {isa = PBXBuildFile; productRef = 4BD2AD10271BF0810050BCF7 /* FirebaseMLModelDownloader */; };
		4BD2AD13271BF0810050BCF7 /* FirebaseMessaging in Frameworks */ = {isa = PBXBuildFile; productRef = 4BD2AD12271BF0810050BCF7 /* FirebaseMessaging */; };
		4BD2AD15271BF0810050BCF7 /* FirebaseCrashlytics in Frameworks */ = {isa = PBXBuildFile; productRef = 4BD2AD14271BF0810050BCF7 /* FirebaseCrashlytics */; };
		4BD2AD17271BF0810050BCF7 /* FirebaseStorage in Frameworks */ = {isa = PBXBuildFile; productRef = 4BD2AD16271BF0810050BCF7 /* FirebaseStorage */; };
		4BD2AD19271BF0810050BCF7 /* FirebaseDynamicLinks in Frameworks */ = {isa = PBXBuildFile; productRef = 4BD2AD18271BF0810050BCF7 /* FirebaseDynamicLinks */; };
		4BD2AD1B271BF0810050BCF7 /* FirebaseFunctions in Frameworks */ = {isa = PBXBuildFile; productRef = 4BD2AD1A271BF0810050BCF7 /* FirebaseFunctions */; };
		4BD2AD1D271BF2DA0050BCF7 /* mainViewController.swift in Sources */ = {isa = PBXBuildFile; fileRef = 4BD2AD1C271BF2DA0050BCF7 /* mainViewController.swift */; };
/* End PBXBuildFile section */

/* Begin PBXContainerItemProxy section */
		4BD2ACD1271BD0920050BCF7 /* PBXContainerItemProxy */ = {
			isa = PBXContainerItemProxy;
			containerPortal = 4BD2ACB2271BD0900050BCF7 /* Project object */;
			proxyType = 1;
			remoteGlobalIDString = 4BD2ACB9271BD0900050BCF7;
			remoteInfo = penspinning;
		};
		4BD2ACDC271BD0920050BCF7 /* PBXContainerItemProxy */ = {
			isa = PBXContainerItemProxy;
			containerPortal = 4BD2ACB2271BD0900050BCF7 /* Project object */;
			proxyType = 1;
			remoteGlobalIDString = 4BD2ACB9271BD0900050BCF7;
			remoteInfo = penspinning;
		};
/* End PBXContainerItemProxy section */

/* Begin PBXFileReference section */
		4BD2ACBA271BD0900050BCF7 /* penspinning.app */ = {isa = PBXFileReference; explicitFileType = wrapper.application; includeInIndex = 0; path = penspinning.app; sourceTree = BUILT_PRODUCTS_DIR; };
		4BD2ACBD271BD0900050BCF7 /* AppDelegate.swift */ = {isa = PBXFileReference; lastKnownFileType = sourcecode.swift; path = AppDelegate.swift; sourceTree = "<group>"; };
		4BD2ACBF271BD0900050BCF7 /* SceneDelegate.swift */ = {isa = PBXFileReference; lastKnownFileType = sourcecode.swift; path = SceneDelegate.swift; sourceTree = "<group>"; };
		4BD2ACC1271BD0900050BCF7 /* ViewController.swift */ = {isa = PBXFileReference; lastKnownFileType = sourcecode.swift; path = ViewController.swift; sourceTree = "<group>"; };
		4BD2ACC4271BD0900050BCF7 /* Base */ = {isa = PBXFileReference; lastKnownFileType = file.storyboard; name = Base; path = Base.lproj/Main.storyboard; sourceTree = "<group>"; };
		4BD2ACC6271BD0920050BCF7 /* Assets.xcassets */ = {isa = PBXFileReference; lastKnownFileType = folder.assetcatalog; path = Assets.xcassets; sourceTree = "<group>"; };
		4BD2ACC9271BD0920050BCF7 /* Base */ = {isa = PBXFileReference; lastKnownFileType = file.storyboard; name = Base; path = Base.lproj/LaunchScreen.storyboard; sourceTree = "<group>"; };
		4BD2ACCB271BD0920050BCF7 /* Info.plist */ = {isa = PBXFileReference; lastKnownFileType = text.plist.xml; path = Info.plist; sourceTree = "<group>"; };
		4BD2ACD0271BD0920050BCF7 /* penspinningTests.xctest */ = {isa = PBXFileReference; explicitFileType = wrapper.cfbundle; includeInIndex = 0; path = penspinningTests.xctest; sourceTree = BUILT_PRODUCTS_DIR; };
		4BD2ACD4271BD0920050BCF7 /* penspinningTests.swift */ = {isa = PBXFileReference; lastKnownFileType = sourcecode.swift; path = penspinningTests.swift; sourceTree = "<group>"; };
		4BD2ACD6271BD0920050BCF7 /* Info.plist */ = {isa = PBXFileReference; lastKnownFileType = text.plist.xml; path = Info.plist; sourceTree = "<group>"; };
		4BD2ACDB271BD0920050BCF7 /* penspinningUITests.xctest */ = {isa = PBXFileReference; explicitFileType = wrapper.cfbundle; includeInIndex = 0; path = penspinningUITests.xctest; sourceTree = BUILT_PRODUCTS_DIR; };
		4BD2ACDF271BD0920050BCF7 /* penspinningUITests.swift */ = {isa = PBXFileReference; lastKnownFileType = sourcecode.swift; path = penspinningUITests.swift; sourceTree = "<group>"; };
		4BD2ACE1271BD0920050BCF7 /* Info.plist */ = {isa = PBXFileReference; lastKnownFileType = text.plist.xml; path = Info.plist; sourceTree = "<group>"; };
		4BD2ACED271BEE2F0050BCF7 /* GoogleService-Info.plist */ = {isa = PBXFileReference; fileEncoding = 4; lastKnownFileType = text.plist.xml; path = "GoogleService-Info.plist"; sourceTree = "<group>"; };
		4BD2AD1C271BF2DA0050BCF7 /* mainViewController.swift */ = {isa = PBXFileReference; lastKnownFileType = sourcecode.swift; path = mainViewController.swift; sourceTree = "<group>"; };
/* End PBXFileReference section */

/* Begin PBXFrameworksBuildPhase section */
		4BD2ACB7271BD0900050BCF7 /* Frameworks */ = {
			isa = PBXFrameworksBuildPhase;
			buildActionMask = 2147483647;
			files = (
				4BD2AD13271BF0810050BCF7 /* FirebaseMessaging in Frameworks */,
				4BD2AD11271BF0810050BCF7 /* FirebaseMLModelDownloader in Frameworks */,
				4BD2AD05271BF0810050BCF7 /* FirebaseRemoteConfig in Frameworks */,
				4BD2ACF5271BF0810050BCF7 /* FirebaseAnalyticsSwift-Beta in Frameworks */,
				4BD2ACF1271BF0810050BCF7 /* FirebaseAppDistribution-Beta in Frameworks */,
				4BD2AD19271BF0810050BCF7 /* FirebaseDynamicLinks in Frameworks */,
				4BD2AD03271BF0810050BCF7 /* FirebasePerformance in Frameworks */,
				4BD2AD07271BF0810050BCF7 /* FirebaseAppCheck in Frameworks */,
				4BD2AD0B271BF0810050BCF7 /* FirebaseAuth in Frameworks */,
				4BD2AD1B271BF0810050BCF7 /* FirebaseFunctions in Frameworks */,
				4BD2AD0F271BF0810050BCF7 /* FirebaseDatabaseSwift-Beta in Frameworks */,
				4BD2ACF3271BF0810050BCF7 /* FirebaseInAppMessaging-Beta in Frameworks */,
				4BD2AD0D271BF0810050BCF7 /* FirebaseInAppMessagingSwift-Beta in Frameworks */,
				4BD2ACFB271BF0810050BCF7 /* FirebaseInstallations in Frameworks */,
				4BD2AD09271BF0810050BCF7 /* FirebaseStorageSwift-Beta in Frameworks */,
				4BD2AD17271BF0810050BCF7 /* FirebaseStorage in Frameworks */,
				4BD2ACF9271BF0810050BCF7 /* FirebaseFirestore in Frameworks */,
				4BD2AD15271BF0810050BCF7 /* FirebaseCrashlytics in Frameworks */,
				4BD2ACFF271BF0810050BCF7 /* FirebaseFirestoreSwift-Beta in Frameworks */,
				4BD2ACFD271BF0810050BCF7 /* FirebaseDatabase in Frameworks */,
				4BD2ACF7271BF0810050BCF7 /* FirebaseAnalyticsWithoutAdIdSupport in Frameworks */,
				4BD2AD01271BF0810050BCF7 /* FirebaseAnalytics in Frameworks */,
			);
			runOnlyForDeploymentPostprocessing = 0;
		};
		4BD2ACCD271BD0920050BCF7 /* Frameworks */ = {
			isa = PBXFrameworksBuildPhase;
			buildActionMask = 2147483647;
			files = (
			);
			runOnlyForDeploymentPostprocessing = 0;
		};
		4BD2ACD8271BD0920050BCF7 /* Frameworks */ = {
			isa = PBXFrameworksBuildPhase;
			buildActionMask = 2147483647;
			files = (
			);
			runOnlyForDeploymentPostprocessing = 0;
		};
/* End PBXFrameworksBuildPhase section */

/* Begin PBXGroup section */
		4BD2ACB1271BD0900050BCF7 = {
			isa = PBXGroup;
			children = (
				4BD2ACBC271BD0900050BCF7 /* penspinning */,
				4BD2ACD3271BD0920050BCF7 /* penspinningTests */,
				4BD2ACDE271BD0920050BCF7 /* penspinningUITests */,
				4BD2ACBB271BD0900050BCF7 /* Products */,
			);
			sourceTree = "<group>";
		};
		4BD2ACBB271BD0900050BCF7 /* Products */ = {
			isa = PBXGroup;
			children = (
				4BD2ACBA271BD0900050BCF7 /* penspinning.app */,
				4BD2ACD0271BD0920050BCF7 /* penspinningTests.xctest */,
				4BD2ACDB271BD0920050BCF7 /* penspinningUITests.xctest */,
			);
			name = Products;
			sourceTree = "<group>";
		};
		4BD2ACBC271BD0900050BCF7 /* penspinning */ = {
			isa = PBXGroup;
			children = (
				4BD2ACBD271BD0900050BCF7 /* AppDelegate.swift */,
				4BD2ACBF271BD0900050BCF7 /* SceneDelegate.swift */,
				4BD2ACC1271BD0900050BCF7 /* ViewController.swift */,
				4BD2AD1C271BF2DA0050BCF7 /* mainViewController.swift */,
				4BD2ACC3271BD0900050BCF7 /* Main.storyboard */,
				4BD2ACC6271BD0920050BCF7 /* Assets.xcassets */,
				4BD2ACC8271BD0920050BCF7 /* LaunchScreen.storyboard */,
				4BD2ACCB271BD0920050BCF7 /* Info.plist */,
				4BD2ACED271BEE2F0050BCF7 /* GoogleService-Info.plist */,
			);
			path = penspinning;
			sourceTree = "<group>";
		};
		4BD2ACD3271BD0920050BCF7 /* penspinningTests */ = {
			isa = PBXGroup;
			children = (
				4BD2ACD4271BD0920050BCF7 /* penspinningTests.swift */,
				4BD2ACD6271BD0920050BCF7 /* Info.plist */,
			);
			path = penspinningTests;
			sourceTree = "<group>";
		};
		4BD2ACDE271BD0920050BCF7 /* penspinningUITests */ = {
			isa = PBXGroup;
			children = (
				4BD2ACDF271BD0920050BCF7 /* penspinningUITests.swift */,
				4BD2ACE1271BD0920050BCF7 /* Info.plist */,
			);
			path = penspinningUITests;
			sourceTree = "<group>";
		};
/* End PBXGroup section */

/* Begin PBXNativeTarget section */
		4BD2ACB9271BD0900050BCF7 /* penspinning */ = {
			isa = PBXNativeTarget;
			buildConfigurationList = 4BD2ACE4271BD0920050BCF7 /* Build configuration list for PBXNativeTarget "penspinning" */;
			buildPhases = (
				4BD2ACB6271BD0900050BCF7 /* Sources */,
				4BD2ACB7271BD0900050BCF7 /* Frameworks */,
				4BD2ACB8271BD0900050BCF7 /* Resources */,
			);
			buildRules = (
			);
			dependencies = (
			);
			name = penspinning;
			packageProductDependencies = (
				4BD2ACF0271BF0810050BCF7 /* FirebaseAppDistribution-Beta */,
				4BD2ACF2271BF0810050BCF7 /* FirebaseInAppMessaging-Beta */,
				4BD2ACF4271BF0810050BCF7 /* FirebaseAnalyticsSwift-Beta */,
				4BD2ACF6271BF0810050BCF7 /* FirebaseAnalyticsWithoutAdIdSupport */,
				4BD2ACF8271BF0810050BCF7 /* FirebaseFirestore */,
				4BD2ACFA271BF0810050BCF7 /* FirebaseInstallations */,
				4BD2ACFC271BF0810050BCF7 /* FirebaseDatabase */,
				4BD2ACFE271BF0810050BCF7 /* FirebaseFirestoreSwift-Beta */,
				4BD2AD00271BF0810050BCF7 /* FirebaseAnalytics */,
				4BD2AD02271BF0810050BCF7 /* FirebasePerformance */,
				4BD2AD04271BF0810050BCF7 /* FirebaseRemoteConfig */,
				4BD2AD06271BF0810050BCF7 /* FirebaseAppCheck */,
				4BD2AD08271BF0810050BCF7 /* FirebaseStorageSwift-Beta */,
				4BD2AD0A271BF0810050BCF7 /* FirebaseAuth */,
				4BD2AD0C271BF0810050BCF7 /* FirebaseInAppMessagingSwift-Beta */,
				4BD2AD0E271BF0810050BCF7 /* FirebaseDatabaseSwift-Beta */,
				4BD2AD10271BF0810050BCF7 /* FirebaseMLModelDownloader */,
				4BD2AD12271BF0810050BCF7 /* FirebaseMessaging */,
				4BD2AD14271BF0810050BCF7 /* FirebaseCrashlytics */,
				4BD2AD16271BF0810050BCF7 /* FirebaseStorage */,
				4BD2AD18271BF0810050BCF7 /* FirebaseDynamicLinks */,
				4BD2AD1A271BF0810050BCF7 /* FirebaseFunctions */,
			);
			productName = penspinning;
			productReference = 4BD2ACBA271BD0900050BCF7 /* penspinning.app */;
			productType = "com.apple.product-type.application";
		};
		4BD2ACCF271BD0920050BCF7 /* penspinningTests */ = {
			isa = PBXNativeTarget;
			buildConfigurationList = 4BD2ACE7271BD0920050BCF7 /* Build configuration list for PBXNativeTarget "penspinningTests" */;
			buildPhases = (
				4BD2ACCC271BD0920050BCF7 /* Sources */,
				4BD2ACCD271BD0920050BCF7 /* Frameworks */,
				4BD2ACCE271BD0920050BCF7 /* Resources */,
			);
			buildRules = (
			);
			dependencies = (
				4BD2ACD2271BD0920050BCF7 /* PBXTargetDependency */,
			);
			name = penspinningTests;
			productName = penspinningTests;
			productReference = 4BD2ACD0271BD0920050BCF7 /* penspinningTests.xctest */;
			productType = "com.apple.product-type.bundle.unit-test";
		};
		4BD2ACDA271BD0920050BCF7 /* penspinningUITests */ = {
			isa = PBXNativeTarget;
			buildConfigurationList = 4BD2ACEA271BD0920050BCF7 /* Build configuration list for PBXNativeTarget "penspinningUITests" */;
			buildPhases = (
				4BD2ACD7271BD0920050BCF7 /* Sources */,
				4BD2ACD8271BD0920050BCF7 /* Frameworks */,
				4BD2ACD9271BD0920050BCF7 /* Resources */,
			);
			buildRules = (
			);
			dependencies = (
				4BD2ACDD271BD0920050BCF7 /* PBXTargetDependency */,
			);
			name = penspinningUITests;
			productName = penspinningUITests;
			productReference = 4BD2ACDB271BD0920050BCF7 /* penspinningUITests.xctest */;
			productType = "com.apple.product-type.bundle.ui-testing";
		};
/* End PBXNativeTarget section */

/* Begin PBXProject section */
		4BD2ACB2271BD0900050BCF7 /* Project object */ = {
			isa = PBXProject;
			attributes = {
				LastSwiftUpdateCheck = 1250;
				LastUpgradeCheck = 1250;
				TargetAttributes = {
					4BD2ACB9271BD0900050BCF7 = {
						CreatedOnToolsVersion = 12.5.1;
					};
					4BD2ACCF271BD0920050BCF7 = {
						CreatedOnToolsVersion = 12.5.1;
						TestTargetID = 4BD2ACB9271BD0900050BCF7;
					};
					4BD2ACDA271BD0920050BCF7 = {
						CreatedOnToolsVersion = 12.5.1;
						TestTargetID = 4BD2ACB9271BD0900050BCF7;
					};
				};
			};
			buildConfigurationList = 4BD2ACB5271BD0900050BCF7 /* Build configuration list for PBXProject "penspinning" */;
			compatibilityVersion = "Xcode 9.3";
			developmentRegion = en;
			hasScannedForEncodings = 0;
			knownRegions = (
				en,
				Base,
			);
			mainGroup = 4BD2ACB1271BD0900050BCF7;
			packageReferences = (
				4BD2ACEF271BF0810050BCF7 /* XCRemoteSwiftPackageReference "firebase-ios-sdk" */,
			);
			productRefGroup = 4BD2ACBB271BD0900050BCF7 /* Products */;
			projectDirPath = "";
			projectRoot = "";
			targets = (
				4BD2ACB9271BD0900050BCF7 /* penspinning */,
				4BD2ACCF271BD0920050BCF7 /* penspinningTests */,
				4BD2ACDA271BD0920050BCF7 /* penspinningUITests */,
			);
		};
/* End PBXProject section */

/* Begin PBXResourcesBuildPhase section */
		4BD2ACB8271BD0900050BCF7 /* Resources */ = {
			isa = PBXResourcesBuildPhase;
			buildActionMask = 2147483647;
			files = (
				4BD2ACCA271BD0920050BCF7 /* LaunchScreen.storyboard in Resources */,
				4BD2ACC7271BD0920050BCF7 /* Assets.xcassets in Resources */,
				4BD2ACC5271BD0900050BCF7 /* Main.storyboard in Resources */,
				4BD2ACEE271BEE2F0050BCF7 /* GoogleService-Info.plist in Resources */,
			);
			runOnlyForDeploymentPostprocessing = 0;
		};
		4BD2ACCE271BD0920050BCF7 /* Resources */ = {
			isa = PBXResourcesBuildPhase;
			buildActionMask = 2147483647;
			files = (
			);
			runOnlyForDeploymentPostprocessing = 0;
		};
		4BD2ACD9271BD0920050BCF7 /* Resources */ = {
			isa = PBXResourcesBuildPhase;
			buildActionMask = 2147483647;
			files = (
			);
			runOnlyForDeploymentPostprocessing = 0;
		};
/* End PBXResourcesBuildPhase section */

/* Begin PBXSourcesBuildPhase section */
		4BD2ACB6271BD0900050BCF7 /* Sources */ = {
			isa = PBXSourcesBuildPhase;
			buildActionMask = 2147483647;
			files = (
				4BD2ACC2271BD0900050BCF7 /* ViewController.swift in Sources */,
				4BD2ACBE271BD0900050BCF7 /* AppDelegate.swift in Sources */,
				4BD2ACC0271BD0900050BCF7 /* SceneDelegate.swift in Sources */,
				4BD2AD1D271BF2DA0050BCF7 /* mainViewController.swift in Sources */,
			);
			runOnlyForDeploymentPostprocessing = 0;
		};
		4BD2ACCC271BD0920050BCF7 /* Sources */ = {
			isa = PBXSourcesBuildPhase;
			buildActionMask = 2147483647;
			files = (
				4BD2ACD5271BD0920050BCF7 /* penspinningTests.swift in Sources */,
			);
			runOnlyForDeploymentPostprocessing = 0;
		};
		4BD2ACD7271BD0920050BCF7 /* Sources */ = {
			isa = PBXSourcesBuildPhase;
			buildActionMask = 2147483647;
			files = (
				4BD2ACE0271BD0920050BCF7 /* penspinningUITests.swift in Sources */,
			);
			runOnlyForDeploymentPostprocessing = 0;
		};
/* End PBXSourcesBuildPhase section */

/* Begin PBXTargetDependency section */
		4BD2ACD2271BD0920050BCF7 /* PBXTargetDependency */ = {
			isa = PBXTargetDependency;
			target = 4BD2ACB9271BD0900050BCF7 /* penspinning */;
			targetProxy = 4BD2ACD1271BD0920050BCF7 /* PBXContainerItemProxy */;
		};
		4BD2ACDD271BD0920050BCF7 /* PBXTargetDependency */ = {
			isa = PBXTargetDependency;
			target = 4BD2ACB9271BD0900050BCF7 /* penspinning */;
			targetProxy = 4BD2ACDC271BD0920050BCF7 /* PBXContainerItemProxy */;
		};
/* End PBXTargetDependency section */

/* Begin PBXVariantGroup section */
		4BD2ACC3271BD0900050BCF7 /* Main.storyboard */ = {
			isa = PBXVariantGroup;
			children = (
				4BD2ACC4271BD0900050BCF7 /* Base */,
			);
			name = Main.storyboard;
			sourceTree = "<group>";
		};
		4BD2ACC8271BD0920050BCF7 /* LaunchScreen.storyboard */ = {
			isa = PBXVariantGroup;
			children = (
				4BD2ACC9271BD0920050BCF7 /* Base */,
			);
			name = LaunchScreen.storyboard;
			sourceTree = "<group>";
		};
/* End PBXVariantGroup section */

/* Begin XCBuildConfiguration section */
		4BD2ACE2271BD0920050BCF7 /* Debug */ = {
			isa = XCBuildConfiguration;
			buildSettings = {
				ALWAYS_SEARCH_USER_PATHS = NO;
				CLANG_ANALYZER_NONNULL = YES;
				CLANG_ANALYZER_NUMBER_OBJECT_CONVERSION = YES_AGGRESSIVE;
				CLANG_CXX_LANGUAGE_STANDARD = "gnu++14";
				CLANG_CXX_LIBRARY = "libc++";
				CLANG_ENABLE_MODULES = YES;
				CLANG_ENABLE_OBJC_ARC = YES;
				CLANG_ENABLE_OBJC_WEAK = YES;
				CLANG_WARN_BLOCK_CAPTURE_AUTORELEASING = YES;
				CLANG_WARN_BOOL_CONVERSION = YES;
				CLANG_WARN_COMMA = YES;
				CLANG_WARN_CONSTANT_CONVERSION = YES;
				CLANG_WARN_DEPRECATED_OBJC_IMPLEMENTATIONS = YES;
				CLANG_WARN_DIRECT_OBJC_ISA_USAGE = YES_ERROR;
				CLANG_WARN_DOCUMENTATION_COMMENTS = YES;
				CLANG_WARN_EMPTY_BODY = YES;
				CLANG_WARN_ENUM_CONVERSION = YES;
				CLANG_WARN_INFINITE_RECURSION = YES;
				CLANG_WARN_INT_CONVERSION = YES;
				CLANG_WARN_NON_LITERAL_NULL_CONVERSION = YES;
				CLANG_WARN_OBJC_IMPLICIT_RETAIN_SELF = YES;
				CLANG_WARN_OBJC_LITERAL_CONVERSION = YES;
				CLANG_WARN_OBJC_ROOT_CLASS = YES_ERROR;
				CLANG_WARN_QUOTED_INCLUDE_IN_FRAMEWORK_HEADER = YES;
				CLANG_WARN_RANGE_LOOP_ANALYSIS = YES;
				CLANG_WARN_STRICT_PROTOTYPES = YES;
				CLANG_WARN_SUSPICIOUS_MOVE = YES;
				CLANG_WARN_UNGUARDED_AVAILABILITY = YES_AGGRESSIVE;
				CLANG_WARN_UNREACHABLE_CODE = YES;
				CLANG_WARN__DUPLICATE_METHOD_MATCH = YES;
				COPY_PHASE_STRIP = NO;
				DEBUG_INFORMATION_FORMAT = dwarf;
				ENABLE_STRICT_OBJC_MSGSEND = YES;
				ENABLE_TESTABILITY = YES;
				GCC_C_LANGUAGE_STANDARD = gnu11;
				GCC_DYNAMIC_NO_PIC = NO;
				GCC_NO_COMMON_BLOCKS = YES;
				GCC_OPTIMIZATION_LEVEL = 0;
				GCC_PREPROCESSOR_DEFINITIONS = (
					"DEBUG=1",
					"$(inherited)",
				);
				GCC_WARN_64_TO_32_BIT_CONVERSION = YES;
				GCC_WARN_ABOUT_RETURN_TYPE = YES_ERROR;
				GCC_WARN_UNDECLARED_SELECTOR = YES;
				GCC_WARN_UNINITIALIZED_AUTOS = YES_AGGRESSIVE;
				GCC_WARN_UNUSED_FUNCTION = YES;
				GCC_WARN_UNUSED_VARIABLE = YES;
				IPHONEOS_DEPLOYMENT_TARGET = 14.5;
				MTL_ENABLE_DEBUG_INFO = INCLUDE_SOURCE;
				MTL_FAST_MATH = YES;
				ONLY_ACTIVE_ARCH = YES;
				SDKROOT = iphoneos;
				SWIFT_ACTIVE_COMPILATION_CONDITIONS = DEBUG;
				SWIFT_OPTIMIZATION_LEVEL = "-Onone";
			};
			name = Debug;
		};
		4BD2ACE3271BD0920050BCF7 /* Release */ = {
			isa = XCBuildConfiguration;
			buildSettings = {
				ALWAYS_SEARCH_USER_PATHS = NO;
				CLANG_ANALYZER_NONNULL = YES;
				CLANG_ANALYZER_NUMBER_OBJECT_CONVERSION = YES_AGGRESSIVE;
				CLANG_CXX_LANGUAGE_STANDARD = "gnu++14";
				CLANG_CXX_LIBRARY = "libc++";
				CLANG_ENABLE_MODULES = YES;
				CLANG_ENABLE_OBJC_ARC = YES;
				CLANG_ENABLE_OBJC_WEAK = YES;
				CLANG_WARN_BLOCK_CAPTURE_AUTORELEASING = YES;
				CLANG_WARN_BOOL_CONVERSION = YES;
				CLANG_WARN_COMMA = YES;
				CLANG_WARN_CONSTANT_CONVERSION = YES;
				CLANG_WARN_DEPRECATED_OBJC_IMPLEMENTATIONS = YES;
				CLANG_WARN_DIRECT_OBJC_ISA_USAGE = YES_ERROR;
				CLANG_WARN_DOCUMENTATION_COMMENTS = YES;
				CLANG_WARN_EMPTY_BODY = YES;
				CLANG_WARN_ENUM_CONVERSION = YES;
				CLANG_WARN_INFINITE_RECURSION = YES;
				CLANG_WARN_INT_CONVERSION = YES;
				CLANG_WARN_NON_LITERAL_NULL_CONVERSION = YES;
				CLANG_WARN_OBJC_IMPLICIT_RETAIN_SELF = YES;
				CLANG_WARN_OBJC_LITERAL_CONVERSION = YES;
				CLANG_WARN_OBJC_ROOT_CLASS = YES_ERROR;
				CLANG_WARN_QUOTED_INCLUDE_IN_FRAMEWORK_HEADER = YES;
				CLANG_WARN_RANGE_LOOP_ANALYSIS = YES;
				CLANG_WARN_STRICT_PROTOTYPES = YES;
				CLANG_WARN_SUSPICIOUS_MOVE = YES;
				CLANG_WARN_UNGUARDED_AVAILABILITY = YES_AGGRESSIVE;
				CLANG_WARN_UNREACHABLE_CODE = YES;
				CLANG_WARN__DUPLICATE_METHOD_MATCH = YES;
				COPY_PHASE_STRIP = NO;
				DEBUG_INFORMATION_FORMAT = "dwarf-with-dsym";
				ENABLE_NS_ASSERTIONS = NO;
				ENABLE_STRICT_OBJC_MSGSEND = YES;
				GCC_C_LANGUAGE_STANDARD = gnu11;
				GCC_NO_COMMON_BLOCKS = YES;
				GCC_WARN_64_TO_32_BIT_CONVERSION = YES;
				GCC_WARN_ABOUT_RETURN_TYPE = YES_ERROR;
				GCC_WARN_UNDECLARED_SELECTOR = YES;
				GCC_WARN_UNINITIALIZED_AUTOS = YES_AGGRESSIVE;
				GCC_WARN_UNUSED_FUNCTION = YES;
				GCC_WARN_UNUSED_VARIABLE = YES;
				IPHONEOS_DEPLOYMENT_TARGET = 14.5;
				MTL_ENABLE_DEBUG_INFO = NO;
				MTL_FAST_MATH = YES;
				SDKROOT = iphoneos;
				SWIFT_COMPILATION_MODE = wholemodule;
				SWIFT_OPTIMIZATION_LEVEL = "-O";
				VALIDATE_PRODUCT = YES;
			};
			name = Release;
		};
		4BD2ACE5271BD0920050BCF7 /* Debug */ = {
			isa = XCBuildConfiguration;
			buildSettings = {
				ASSETCATALOG_COMPILER_APPICON_NAME = AppIcon;
				ASSETCATALOG_COMPILER_GLOBAL_ACCENT_COLOR_NAME = AccentColor;
				CODE_SIGN_STYLE = Automatic;
				DEVELOPMENT_TEAM = 8VQ7U9Z9U2;
				INFOPLIST_FILE = penspinning/Info.plist;
				LD_RUNPATH_SEARCH_PATHS = (
					"$(inherited)",
					"@executable_path/Frameworks",
				);
				PRODUCT_BUNDLE_IDENTIFIER = com.swift.tech.Hikaru.Honda.penspinning;
				PRODUCT_NAME = "$(TARGET_NAME)";
				SWIFT_VERSION = 5.0;
				TARGETED_DEVICE_FAMILY = "1,2";
			};
			name = Debug;
		};
		4BD2ACE6271BD0920050BCF7 /* Release */ = {
			isa = XCBuildConfiguration;
			buildSettings = {
				ASSETCATALOG_COMPILER_APPICON_NAME = AppIcon;
				ASSETCATALOG_COMPILER_GLOBAL_ACCENT_COLOR_NAME = AccentColor;
				CODE_SIGN_STYLE = Automatic;
				DEVELOPMENT_TEAM = 8VQ7U9Z9U2;
				INFOPLIST_FILE = penspinning/Info.plist;
				LD_RUNPATH_SEARCH_PATHS = (
					"$(inherited)",
					"@executable_path/Frameworks",
				);
				PRODUCT_BUNDLE_IDENTIFIER = com.swift.tech.Hikaru.Honda.penspinning;
				PRODUCT_NAME = "$(TARGET_NAME)";
				SWIFT_VERSION = 5.0;
				TARGETED_DEVICE_FAMILY = "1,2";
			};
			name = Release;
		};
		4BD2ACE8271BD0920050BCF7 /* Debug */ = {
			isa = XCBuildConfiguration;
			buildSettings = {
				ALWAYS_EMBED_SWIFT_STANDARD_LIBRARIES = YES;
				BUNDLE_LOADER = "$(TEST_HOST)";
				CODE_SIGN_STYLE = Automatic;
				INFOPLIST_FILE = penspinningTests/Info.plist;
				IPHONEOS_DEPLOYMENT_TARGET = 14.5;
				LD_RUNPATH_SEARCH_PATHS = (
					"$(inherited)",
					"@executable_path/Frameworks",
					"@loader_path/Frameworks",
				);
				PRODUCT_BUNDLE_IDENTIFIER = com.swift.tech.Hikaru.Honda.penspinningTests;
				PRODUCT_NAME = "$(TARGET_NAME)";
				SWIFT_VERSION = 5.0;
				TARGETED_DEVICE_FAMILY = "1,2";
				TEST_HOST = "$(BUILT_PRODUCTS_DIR)/penspinning.app/penspinning";
			};
			name = Debug;
		};
		4BD2ACE9271BD0920050BCF7 /* Release */ = {
			isa = XCBuildConfiguration;
			buildSettings = {
				ALWAYS_EMBED_SWIFT_STANDARD_LIBRARIES = YES;
				BUNDLE_LOADER = "$(TEST_HOST)";
				CODE_SIGN_STYLE = Automatic;
				INFOPLIST_FILE = penspinningTests/Info.plist;
				IPHONEOS_DEPLOYMENT_TARGET = 14.5;
				LD_RUNPATH_SEARCH_PATHS = (
					"$(inherited)",
					"@executable_path/Frameworks",
					"@loader_path/Frameworks",
				);
				PRODUCT_BUNDLE_IDENTIFIER = com.swift.tech.Hikaru.Honda.penspinningTests;
				PRODUCT_NAME = "$(TARGET_NAME)";
				SWIFT_VERSION = 5.0;
				TARGETED_DEVICE_FAMILY = "1,2";
				TEST_HOST = "$(BUILT_PRODUCTS_DIR)/penspinning.app/penspinning";
			};
			name = Release;
		};
		4BD2ACEB271BD0920050BCF7 /* Debug */ = {
			isa = XCBuildConfiguration;
			buildSettings = {
				ALWAYS_EMBED_SWIFT_STANDARD_LIBRARIES = YES;
				CODE_SIGN_STYLE = Automatic;
				INFOPLIST_FILE = penspinningUITests/Info.plist;
				LD_RUNPATH_SEARCH_PATHS = (
					"$(inherited)",
					"@executable_path/Frameworks",
					"@loader_path/Frameworks",
				);
				PRODUCT_BUNDLE_IDENTIFIER = com.swift.tech.Hikaru.Honda.penspinningUITests;
				PRODUCT_NAME = "$(TARGET_NAME)";
				SWIFT_VERSION = 5.0;
				TARGETED_DEVICE_FAMILY = "1,2";
				TEST_TARGET_NAME = penspinning;
			};
			name = Debug;
		};
		4BD2ACEC271BD0920050BCF7 /* Release */ = {
			isa = XCBuildConfiguration;
			buildSettings = {
				ALWAYS_EMBED_SWIFT_STANDARD_LIBRARIES = YES;
				CODE_SIGN_STYLE = Automatic;
				INFOPLIST_FILE = penspinningUITests/Info.plist;
				LD_RUNPATH_SEARCH_PATHS = (
					"$(inherited)",
					"@executable_path/Frameworks",
					"@loader_path/Frameworks",
				);
				PRODUCT_BUNDLE_IDENTIFIER = com.swift.tech.Hikaru.Honda.penspinningUITests;
				PRODUCT_NAME = "$(TARGET_NAME)";
				SWIFT_VERSION = 5.0;
				TARGETED_DEVICE_FAMILY = "1,2";
				TEST_TARGET_NAME = penspinning;
			};
			name = Release;
		};
/* End XCBuildConfiguration section */

/* Begin XCConfigurationList section */
		4BD2ACB5271BD0900050BCF7 /* Build configuration list for PBXProject "penspinning" */ = {
			isa = XCConfigurationList;
			buildConfigurations = (
				4BD2ACE2271BD0920050BCF7 /* Debug */,
				4BD2ACE3271BD0920050BCF7 /* Release */,
			);
			defaultConfigurationIsVisible = 0;
			defaultConfigurationName = Release;
		};
		4BD2ACE4271BD0920050BCF7 /* Build configuration list for PBXNativeTarget "penspinning" */ = {
			isa = XCConfigurationList;
			buildConfigurations = (
				4BD2ACE5271BD0920050BCF7 /* Debug */,
				4BD2ACE6271BD0920050BCF7 /* Release */,
			);
			defaultConfigurationIsVisible = 0;
			defaultConfigurationName = Release;
		};
		4BD2ACE7271BD0920050BCF7 /* Build configuration list for PBXNativeTarget "penspinningTests" */ = {
			isa = XCConfigurationList;
			buildConfigurations = (
				4BD2ACE8271BD0920050BCF7 /* Debug */,
				4BD2ACE9271BD0920050BCF7 /* Release */,
			);
			defaultConfigurationIsVisible = 0;
			defaultConfigurationName = Release;
		};
		4BD2ACEA271BD0920050BCF7 /* Build configuration list for PBXNativeTarget "penspinningUITests" */ = {
			isa = XCConfigurationList;
			buildConfigurations = (
				4BD2ACEB271BD0920050BCF7 /* Debug */,
				4BD2ACEC271BD0920050BCF7 /* Release */,
			);
			defaultConfigurationIsVisible = 0;
			defaultConfigurationName = Release;
		};
/* End XCConfigurationList section */

/* Begin XCRemoteSwiftPackageReference section */
		4BD2ACEF271BF0810050BCF7 /* XCRemoteSwiftPackageReference "firebase-ios-sdk" */ = {
			isa = XCRemoteSwiftPackageReference;
			repositoryURL = "https://github.com/firebase/firebase-ios-sdk";
			requirement = {
				kind = upToNextMajorVersion;
				minimumVersion = 8.8.1;
			};
		};
/* End XCRemoteSwiftPackageReference section */

/* Begin XCSwiftPackageProductDependency section */
		4BD2ACF0271BF0810050BCF7 /* FirebaseAppDistribution-Beta */ = {
			isa = XCSwiftPackageProductDependency;
			package = 4BD2ACEF271BF0810050BCF7 /* XCRemoteSwiftPackageReference "firebase-ios-sdk" */;
			productName = "FirebaseAppDistribution-Beta";
		};
		4BD2ACF2271BF0810050BCF7 /* FirebaseInAppMessaging-Beta */ = {
			isa = XCSwiftPackageProductDependency;
			package = 4BD2ACEF271BF0810050BCF7 /* XCRemoteSwiftPackageReference "firebase-ios-sdk" */;
			productName = "FirebaseInAppMessaging-Beta";
		};
		4BD2ACF4271BF0810050BCF7 /* FirebaseAnalyticsSwift-Beta */ = {
			isa = XCSwiftPackageProductDependency;
			package = 4BD2ACEF271BF0810050BCF7 /* XCRemoteSwiftPackageReference "firebase-ios-sdk" */;
			productName = "FirebaseAnalyticsSwift-Beta";
		};
		4BD2ACF6271BF0810050BCF7 /* FirebaseAnalyticsWithoutAdIdSupport */ = {
			isa = XCSwiftPackageProductDependency;
			package = 4BD2ACEF271BF0810050BCF7 /* XCRemoteSwiftPackageReference "firebase-ios-sdk" */;
			productName = FirebaseAnalyticsWithoutAdIdSupport;
		};
		4BD2ACF8271BF0810050BCF7 /* FirebaseFirestore */ = {
			isa = XCSwiftPackageProductDependency;
			package = 4BD2ACEF271BF0810050BCF7 /* XCRemoteSwiftPackageReference "firebase-ios-sdk" */;
			productName = FirebaseFirestore;
		};
		4BD2ACFA271BF0810050BCF7 /* FirebaseInstallations */ = {
			isa = XCSwiftPackageProductDependency;
			package = 4BD2ACEF271BF0810050BCF7 /* XCRemoteSwiftPackageReference "firebase-ios-sdk" */;
			productName = FirebaseInstallations;
		};
		4BD2ACFC271BF0810050BCF7 /* FirebaseDatabase */ = {
			isa = XCSwiftPackageProductDependency;
			package = 4BD2ACEF271BF0810050BCF7 /* XCRemoteSwiftPackageReference "firebase-ios-sdk" */;
			productName = FirebaseDatabase;
		};
		4BD2ACFE271BF0810050BCF7 /* FirebaseFirestoreSwift-Beta */ = {
			isa = XCSwiftPackageProductDependency;
			package = 4BD2ACEF271BF0810050BCF7 /* XCRemoteSwiftPackageReference "firebase-ios-sdk" */;
			productName = "FirebaseFirestoreSwift-Beta";
		};
		4BD2AD00271BF0810050BCF7 /* FirebaseAnalytics */ = {
			isa = XCSwiftPackageProductDependency;
			package = 4BD2ACEF271BF0810050BCF7 /* XCRemoteSwiftPackageReference "firebase-ios-sdk" */;
			productName = FirebaseAnalytics;
		};
		4BD2AD02271BF0810050BCF7 /* FirebasePerformance */ = {
			isa = XCSwiftPackageProductDependency;
			package = 4BD2ACEF271BF0810050BCF7 /* XCRemoteSwiftPackageReference "firebase-ios-sdk" */;
			productName = FirebasePerformance;
		};
		4BD2AD04271BF0810050BCF7 /* FirebaseRemoteConfig */ = {
			isa = XCSwiftPackageProductDependency;
			package = 4BD2ACEF271BF0810050BCF7 /* XCRemoteSwiftPackageReference "firebase-ios-sdk" */;
			productName = FirebaseRemoteConfig;
		};
		4BD2AD06271BF0810050BCF7 /* FirebaseAppCheck */ = {
			isa = XCSwiftPackageProductDependency;
			package = 4BD2ACEF271BF0810050BCF7 /* XCRemoteSwiftPackageReference "firebase-ios-sdk" */;
			productName = FirebaseAppCheck;
		};
		4BD2AD08271BF0810050BCF7 /* FirebaseStorageSwift-Beta */ = {
			isa = XCSwiftPackageProductDependency;
			package = 4BD2ACEF271BF0810050BCF7 /* XCRemoteSwiftPackageReference "firebase-ios-sdk" */;
			productName = "FirebaseStorageSwift-Beta";
		};
		4BD2AD0A271BF0810050BCF7 /* FirebaseAuth */ = {
			isa = XCSwiftPackageProductDependency;
			package = 4BD2ACEF271BF0810050BCF7 /* XCRemoteSwiftPackageReference "firebase-ios-sdk" */;
			productName = FirebaseAuth;
		};
		4BD2AD0C271BF0810050BCF7 /* FirebaseInAppMessagingSwift-Beta */ = {
			isa = XCSwiftPackageProductDependency;
			package = 4BD2ACEF271BF0810050BCF7 /* XCRemoteSwiftPackageReference "firebase-ios-sdk" */;
			productName = "FirebaseInAppMessagingSwift-Beta";
		};
		4BD2AD0E271BF0810050BCF7 /* FirebaseDatabaseSwift-Beta */ = {
			isa = XCSwiftPackageProductDependency;
			package = 4BD2ACEF271BF0810050BCF7 /* XCRemoteSwiftPackageReference "firebase-ios-sdk" */;
			productName = "FirebaseDatabaseSwift-Beta";
		};
		4BD2AD10271BF0810050BCF7 /* FirebaseMLModelDownloader */ = {
			isa = XCSwiftPackageProductDependency;
			package = 4BD2ACEF271BF0810050BCF7 /* XCRemoteSwiftPackageReference "firebase-ios-sdk" */;
			productName = FirebaseMLModelDownloader;
		};
		4BD2AD12271BF0810050BCF7 /* FirebaseMessaging */ = {
			isa = XCSwiftPackageProductDependency;
			package = 4BD2ACEF271BF0810050BCF7 /* XCRemoteSwiftPackageReference "firebase-ios-sdk" */;
			productName = FirebaseMessaging;
		};
		4BD2AD14271BF0810050BCF7 /* FirebaseCrashlytics */ = {
			isa = XCSwiftPackageProductDependency;
			package = 4BD2ACEF271BF0810050BCF7 /* XCRemoteSwiftPackageReference "firebase-ios-sdk" */;
			productName = FirebaseCrashlytics;
		};
		4BD2AD16271BF0810050BCF7 /* FirebaseStorage */ = {
			isa = XCSwiftPackageProductDependency;
			package = 4BD2ACEF271BF0810050BCF7 /* XCRemoteSwiftPackageReference "firebase-ios-sdk" */;
			productName = FirebaseStorage;
		};
		4BD2AD18271BF0810050BCF7 /* FirebaseDynamicLinks */ = {
			isa = XCSwiftPackageProductDependency;
			package = 4BD2ACEF271BF0810050BCF7 /* XCRemoteSwiftPackageReference "firebase-ios-sdk" */;
			productName = FirebaseDynamicLinks;
		};
		4BD2AD1A271BF0810050BCF7 /* FirebaseFunctions */ = {
			isa = XCSwiftPackageProductDependency;
			package = 4BD2ACEF271BF0810050BCF7 /* XCRemoteSwiftPackageReference "firebase-ios-sdk" */;
			productName = FirebaseFunctions;
		};
/* End XCSwiftPackageProductDependency section */
	};
	rootObject = 4BD2ACB2271BD0900050BCF7 /* Project object */;
}
